{
  "name": "periphery",
  "version": "1.0.0",
  "lockfileVersion": 2,
  "requires": true,
  "packages": {
    "": {
      "version": "1.0.0",
      "license": "ISC",
      "dependencies": {
        "@uniswap/lib": "*",
        "lizzardtest-v2-core": "https://alligatorfarmer@github.com/alligatorfarmer/lizzardtest-v2-core.git#v1.0.2"
      }
    },
    "node_modules/@openzeppelin/contracts": {
      "version": "2.5.1",
      "resolved": "https://registry.npmjs.org/@openzeppelin/contracts/-/contracts-2.5.1.tgz",
      "integrity": "sha512-qIy6tLx8rtybEsIOAlrM4J/85s2q2nPkDqj/Rx46VakBZ0LwtFhXIVub96LXHczQX0vaqmAueDqNPXtbSXSaYQ=="
    },
    "node_modules/@uniswap/lib": {
      "version": "4.0.1-alpha",
      "resolved": "https://registry.npmjs.org/@uniswap/lib/-/lib-4.0.1-alpha.tgz",
      "integrity": "sha512-f6UIliwBbRsgVLxIaBANF6w09tYqc6Y/qXdsrbEmXHyFA7ILiKrIwRFXe1yOg8M3cksgVsO9N7yuL2DdCGQKBA==",
      "engines": {
        "node": ">=10"
      }
    },
    "node_modules/lizzardtest-v2-core": {
      "name": "core",
      "version": "1.0.0",
      "resolved": "git+https://alligatorfarmer@github.com/alligatorfarmer/lizzardtest-v2-core.git#c3ef7baa09f563796b8a9c107863af7d8206d61c",
      "license": "ISC",
      "dependencies": {
        "@openzeppelin/contracts": "^2.5.1"
      }
    }
  },
  "dependencies": {
    "@openzeppelin/contracts": {
      "version": "2.5.1",
      "resolved": "https://registry.npmjs.org/@openzeppelin/contracts/-/contracts-2.5.1.tgz",
      "integrity": "sha512-qIy6tLx8rtybEsIOAlrM4J/85s2q2nPkDqj/Rx46VakBZ0LwtFhXIVub96LXHczQX0vaqmAueDqNPXtbSXSaYQ=="
    },
    "@uniswap/lib": {
      "version": "4.0.1-alpha",
      "resolved": "https://registry.npmjs.org/@uniswap/lib/-/lib-4.0.1-alpha.tgz",
      "integrity": "sha512-f6UIliwBbRsgVLxIaBANF6w09tYqc6Y/qXdsrbEmXHyFA7ILiKrIwRFXe1yOg8M3cksgVsO9N7yuL2DdCGQKBA=="
    },
    "lizzardtest-v2-core": {
      "version": "git+https://alligatorfarmer@github.com/alligatorfarmer/lizzardtest-v2-core.git#c3ef7baa09f563796b8a9c107863af7d8206d61c",
      "from": "lizzardtest-v2-core@https://alligatorfarmer@github.com/alligatorfarmer/lizzardtest-v2-core.git#v1.0.2",
      "requires": {
        "@openzeppelin/contracts": "^2.5.1"
      }
    }
  }
}
